
Microsoft Visual Studio Solution File, Format Version 12.00
# Visual Studio 15
VisualStudioVersion = 15.0.27130.2036
MinimumVisualStudioVersion = 10.0.40219.1
Project("{9A19103F-16F7-4668-BE54-9A1E7A4F7556}") = "AzureML.Studio", "AzureML.Studio\AzureML.Studio.csproj", "{389897A9-AA99-47A3-B054-3B5796B5F219}"
EndProject
Project("{9A19103F-16F7-4668-BE54-9A1E7A4F7556}") = "AzureML.Studio.Core", "AzureML.Studio.Core\AzureML.Studio.Core.csproj", "{DEACDA6D-75C9-4F51-956B-C9F495AC9B94}"
EndProject
Project("{9A19103F-16F7-4668-BE54-9A1E7A4F7556}") = "AzureML.Studio.Tests", "AzureML.Studio.Tests\AzureML.Studio.Tests.csproj", "{C1F9916A-3B52-46A4-AD27-72A910B261F8}"
EndProject
Project("{FAE04EC0-301F-11D3-BF4B-00C04F79EFBC}") = "AzureML.Studio.ConsoleApplicationExample", "AzureML.Studio.ConsoleApplicationExample\AzureML.Studio.ConsoleApplicationExample.csproj", "{235E9CE9-C04B-46C6-9DCB-B49CC1F4918D}"
EndProject
Global
	GlobalSection(SolutionConfigurationPlatforms) = preSolution
		Debug|Any CPU = Debug|Any CPU
		Release|Any CPU = Release|Any CPU
	EndGlobalSection
	GlobalSection(ProjectConfigurationPlatforms) = postSolution
		{389897A9-AA99-47A3-B054-3B5796B5F219}.Debug|Any CPU.ActiveCfg = Debug|Any CPU
		{389897A9-AA99-47A3-B054-3B5796B5F219}.Debug|Any CPU.Build.0 = Debug|Any CPU
		{389897A9-AA99-47A3-B054-3B5796B5F219}.Release|Any CPU.ActiveCfg = Release|Any CPU
		{389897A9-AA99-47A3-B054-3B5796B5F219}.Release|Any CPU.Build.0 = Release|Any CPU
		{DEACDA6D-75C9-4F51-956B-C9F495AC9B94}.Debug|Any CPU.ActiveCfg = Debug|Any CPU
		{DEACDA6D-75C9-4F51-956B-C9F495AC9B94}.Debug|Any CPU.Build.0 = Debug|Any CPU
		{DEACDA6D-75C9-4F51-956B-C9F495AC9B94}.Release|Any CPU.ActiveCfg = Release|Any CPU
		{DEACDA6D-75C9-4F51-956B-C9F495AC9B94}.Release|Any CPU.Build.0 = Release|Any CPU
		{C1F9916A-3B52-46A4-AD27-72A910B261F8}.Debug|Any CPU.ActiveCfg = Debug|Any CPU
		{C1F9916A-3B52-46A4-AD27-72A910B261F8}.Debug|Any CPU.Build.0 = Debug|Any CPU
		{C1F9916A-3B52-46A4-AD27-72A910B261F8}.Release|Any CPU.ActiveCfg = Release|Any CPU
		{C1F9916A-3B52-46A4-AD27-72A910B261F8}.Release|Any CPU.Build.0 = Release|Any CPU
		{235E9CE9-C04B-46C6-9DCB-B49CC1F4918D}.Debug|Any CPU.ActiveCfg = Debug|Any CPU
		{235E9CE9-C04B-46C6-9DCB-B49CC1F4918D}.Debug|Any CPU.Build.0 = Debug|Any CPU
		{235E9CE9-C04B-46C6-9DCB-B49CC1F4918D}.Release|Any CPU.ActiveCfg = Release|Any CPU
		{235E9CE9-C04B-46C6-9DCB-B49CC1F4918D}.Release|Any CPU.Build.0 = Release|Any CPU
	EndGlobalSection
	GlobalSection(SolutionProperties) = preSolution
		HideSolutionNode = FALSE
	EndGlobalSection
	GlobalSection(ExtensibilityGlobals) = postSolution
		SolutionGuid = {8F6093D8-E348-4F78-9405-A3F17C731FFE}
	EndGlobalSection
EndGlobal
